{
  "name": "my_package_test",
  "version": "1.0.0",
  "lockfileVersion": 3,
  "requires": true,
  "packages": {
    "": {
      "name": "my_package_test",
      "version": "1.0.0",
      "license": "ISC",
      "dependencies": {
        "alex_mangust_create_html_element": "^2.0.0"
      }
    },
    "node_modules/alex_mangust_create_html_element": {
      "version": "2.0.0",
      "resolved": "https://registry.npmjs.org/alex_mangust_create_html_element/-/alex_mangust_create_html_element-2.0.0.tgz",
      "integrity": "sha512-K0iU31OIpp9vqM9QJHmXR7Ot31+4QR8Vjh+bWZB6EoaGNwXQV166ggCjbzwDkf0T+YjT1QB6l4OrpuhEDma/ww==",
      "license": "ISC"
    }
  }
}
